// !$*UTF8*$!
{
	archiveVersion = 1;
	classes = {
	};
	objectVersion = 77;
	objects = {

/* Begin PBXBuildFile section */
		210584EF2D78539C00951D14 /* MenuBookmarkVC.swift in Sources */ = {isa = PBXBuildFile; fileRef = 210584EE2D78538900951D14 /* MenuBookmarkVC.swift */; };
		2105850D2D7D3E6600951D14 /* ModelTests.swift in Sources */ = {isa = PBXBuildFile; fileRef = 2105850C2D7D3E6600951D14 /* ModelTests.swift */; };
		210585162D7D56FE00951D14 /* Menu.swift in Sources */ = {isa = PBXBuildFile; fileRef = 210585152D7D56FD00951D14 /* Menu.swift */; };
		2105851C2D7D57F600951D14 /* MenuRepository.swift in Sources */ = {isa = PBXBuildFile; fileRef = 2105851B2D7D57F200951D14 /* MenuRepository.swift */; };
		2105851E2D7D581C00951D14 /* MenuUseCase.swift in Sources */ = {isa = PBXBuildFile; fileRef = 2105851D2D7D581700951D14 /* MenuUseCase.swift */; };
		210585202D7D586900951D14 /* NetworkService.swift in Sources */ = {isa = PBXBuildFile; fileRef = 2105851F2D7D586400951D14 /* NetworkService.swift */; };
		210585222D7D589F00951D14 /* MenuViewModel.swift in Sources */ = {isa = PBXBuildFile; fileRef = 210585212D7D589C00951D14 /* MenuViewModel.swift */; };
		213581C62D7D6F3B00FCDF50 /* SceneDelegate.swift in Sources */ = {isa = PBXBuildFile; fileRef = 213581C52D7D6F3B00FCDF50 /* SceneDelegate.swift */; };
		213581C92D7D6F4700FCDF50 /* MenuDetailVC.swift in Sources */ = {isa = PBXBuildFile; fileRef = 213581C72D7D6F4700FCDF50 /* MenuDetailVC.swift */; };
		213581CA2D7D6F4700FCDF50 /* MenuHomepageVC.swift in Sources */ = {isa = PBXBuildFile; fileRef = 213581C82D7D6F4700FCDF50 /* MenuHomepageVC.swift */; };
		213581CF2D8029D000FCDF50 /* SavedMenu+CoreDataClass.swift in Sources */ = {isa = PBXBuildFile; fileRef = 213581CD2D8029D000FCDF50 /* SavedMenu+CoreDataClass.swift */; };
		213581D02D8029D000FCDF50 /* SavedMenu+CoreDataProperties.swift in Sources */ = {isa = PBXBuildFile; fileRef = 213581CE2D8029D000FCDF50 /* SavedMenu+CoreDataProperties.swift */; };
		2159F5562D0091E8006DEAA7 /* AppDelegate.swift in Sources */ = {isa = PBXBuildFile; fileRef = 2159F54E2D0091E8006DEAA7 /* AppDelegate.swift */; };
		2159F5592D0091E8006DEAA7 /* Assets.xcassets in Resources */ = {isa = PBXBuildFile; fileRef = 2159F54F2D0091E8006DEAA7 /* Assets.xcassets */; };
		2159F55B2D0091E8006DEAA7 /* LaunchScreen.storyboard in Resources */ = {isa = PBXBuildFile; fileRef = 2159F5522D0091E8006DEAA7 /* LaunchScreen.storyboard */; };
		2159F5632D0091EF006DEAA7 /* NetworkTests.swift in Sources */ = {isa = PBXBuildFile; fileRef = 2159F5612D0091EF006DEAA7 /* NetworkTests.swift */; };
		219F4D9F2D6ECC30003DADB6 /* SavedMenus.xcdatamodeld in Sources */ = {isa = PBXBuildFile; fileRef = 219F4D9D2D6ECC30003DADB6 /* SavedMenus.xcdatamodeld */; };
/* End PBXBuildFile section */

/* Begin PBXContainerItemProxy section */
		2159F5312D008FBC006DEAA7 /* PBXContainerItemProxy */ = {
			isa = PBXContainerItemProxy;
			containerPortal = 2159F5122D008FBA006DEAA7 /* Project object */;
			proxyType = 1;
			remoteGlobalIDString = 2159F5192D008FBA006DEAA7;
			remoteInfo = UIKit_MealMenu;
		};
		2159F53B2D008FBC006DEAA7 /* PBXContainerItemProxy */ = {
			isa = PBXContainerItemProxy;
			containerPortal = 2159F5122D008FBA006DEAA7 /* Project object */;
			proxyType = 1;
			remoteGlobalIDString = 2159F5192D008FBA006DEAA7;
			remoteInfo = UIKit_MealMenu;
		};
/* End PBXContainerItemProxy section */

/* Begin PBXFileReference section */
		210584EE2D78538900951D14 /* MenuBookmarkVC.swift */ = {isa = PBXFileReference; lastKnownFileType = sourcecode.swift; path = MenuBookmarkVC.swift; sourceTree = "<group>"; };
		2105850C2D7D3E6600951D14 /* ModelTests.swift */ = {isa = PBXFileReference; lastKnownFileType = sourcecode.swift; path = ModelTests.swift; sourceTree = "<group>"; };
		210585152D7D56FD00951D14 /* Menu.swift */ = {isa = PBXFileReference; lastKnownFileType = sourcecode.swift; path = Menu.swift; sourceTree = "<group>"; };
		2105851B2D7D57F200951D14 /* MenuRepository.swift */ = {isa = PBXFileReference; lastKnownFileType = sourcecode.swift; path = MenuRepository.swift; sourceTree = "<group>"; };
		2105851D2D7D581700951D14 /* MenuUseCase.swift */ = {isa = PBXFileReference; lastKnownFileType = sourcecode.swift; path = MenuUseCase.swift; sourceTree = "<group>"; };
		2105851F2D7D586400951D14 /* NetworkService.swift */ = {isa = PBXFileReference; lastKnownFileType = sourcecode.swift; path = NetworkService.swift; sourceTree = "<group>"; };
		210585212D7D589C00951D14 /* MenuViewModel.swift */ = {isa = PBXFileReference; lastKnownFileType = sourcecode.swift; path = MenuViewModel.swift; sourceTree = "<group>"; };
		213581C52D7D6F3B00FCDF50 /* SceneDelegate.swift */ = {isa = PBXFileReference; lastKnownFileType = sourcecode.swift; path = SceneDelegate.swift; sourceTree = "<group>"; };
		213581C72D7D6F4700FCDF50 /* MenuDetailVC.swift */ = {isa = PBXFileReference; lastKnownFileType = sourcecode.swift; path = MenuDetailVC.swift; sourceTree = "<group>"; };
		213581C82D7D6F4700FCDF50 /* MenuHomepageVC.swift */ = {isa = PBXFileReference; lastKnownFileType = sourcecode.swift; path = MenuHomepageVC.swift; sourceTree = "<group>"; };
		213581CD2D8029D000FCDF50 /* SavedMenu+CoreDataClass.swift */ = {isa = PBXFileReference; lastKnownFileType = sourcecode.swift; path = "SavedMenu+CoreDataClass.swift"; sourceTree = "<group>"; };
		213581CE2D8029D000FCDF50 /* SavedMenu+CoreDataProperties.swift */ = {isa = PBXFileReference; lastKnownFileType = sourcecode.swift; path = "SavedMenu+CoreDataProperties.swift"; sourceTree = "<group>"; };
		2159F51A2D008FBA006DEAA7 /* MealMe.app */ = {isa = PBXFileReference; explicitFileType = wrapper.application; includeInIndex = 0; path = MealMe.app; sourceTree = BUILT_PRODUCTS_DIR; };
		2159F5302D008FBC006DEAA7 /* MealMeTests.xctest */ = {isa = PBXFileReference; explicitFileType = wrapper.cfbundle; includeInIndex = 0; path = MealMeTests.xctest; sourceTree = BUILT_PRODUCTS_DIR; };
		2159F53A2D008FBC006DEAA7 /* MealMeUITests.xctest */ = {isa = PBXFileReference; explicitFileType = wrapper.cfbundle; includeInIndex = 0; path = MealMeUITests.xctest; sourceTree = BUILT_PRODUCTS_DIR; };
		2159F54E2D0091E8006DEAA7 /* AppDelegate.swift */ = {isa = PBXFileReference; lastKnownFileType = sourcecode.swift; path = AppDelegate.swift; sourceTree = "<group>"; };
		2159F54F2D0091E8006DEAA7 /* Assets.xcassets */ = {isa = PBXFileReference; lastKnownFileType = folder.assetcatalog; path = Assets.xcassets; sourceTree = "<group>"; };
		2159F5502D0091E8006DEAA7 /* Info.plist */ = {isa = PBXFileReference; lastKnownFileType = text.plist.xml; path = Info.plist; sourceTree = "<group>"; };
		2159F5512D0091E8006DEAA7 /* Base */ = {isa = PBXFileReference; lastKnownFileType = file.storyboard; name = Base; path = Base.lproj/LaunchScreen.storyboard; sourceTree = "<group>"; };
		2159F5612D0091EF006DEAA7 /* NetworkTests.swift */ = {isa = PBXFileReference; lastKnownFileType = sourcecode.swift; path = NetworkTests.swift; sourceTree = "<group>"; };
		219F4D9E2D6ECC30003DADB6 /* SavedMenus.xcdatamodel */ = {isa = PBXFileReference; lastKnownFileType = wrapper.xcdatamodel; path = SavedMenus.xcdatamodel; sourceTree = "<group>"; };
/* End PBXFileReference section */

/* Begin PBXFrameworksBuildPhase section */
		2159F5172D008FBA006DEAA7 /* Frameworks */ = {
			isa = PBXFrameworksBuildPhase;
			buildActionMask = 2147483647;
			files = (
			);
			runOnlyForDeploymentPostprocessing = 0;
		};
		2159F52D2D008FBC006DEAA7 /* Frameworks */ = {
			isa = PBXFrameworksBuildPhase;
			buildActionMask = 2147483647;
			files = (
			);
			runOnlyForDeploymentPostprocessing = 0;
		};
		2159F5372D008FBC006DEAA7 /* Frameworks */ = {
			isa = PBXFrameworksBuildPhase;
			buildActionMask = 2147483647;
			files = (
			);
			runOnlyForDeploymentPostprocessing = 0;
		};
/* End PBXFrameworksBuildPhase section */

/* Begin PBXGroup section */
		210584ED2D77D29100951D14 /* Models */ = {
			isa = PBXGroup;
			children = (
				213581CD2D8029D000FCDF50 /* SavedMenu+CoreDataClass.swift */,
				213581CE2D8029D000FCDF50 /* SavedMenu+CoreDataProperties.swift */,
			);
			path = Models;
			sourceTree = "<group>";
		};
		2105850F2D7D569E00951D14 /* Domain */ = {
			isa = PBXGroup;
			children = (
				210585142D7D56F200951D14 /* UseCases */,
				210585132D7D56E900951D14 /* Entities */,
			);
			path = Domain;
			sourceTree = "<group>";
		};
		210585102D7D56A100951D14 /* Data */ = {
			isa = PBXGroup;
			children = (
				210585182D7D57B600951D14 /* Network */,
				210585172D7D57A800951D14 /* Repositories */,
			);
			path = Data;
			sourceTree = "<group>";
		};
		210585112D7D56A700951D14 /* App */ = {
			isa = PBXGroup;
			children = (
				2159F54E2D0091E8006DEAA7 /* AppDelegate.swift */,
				213581C52D7D6F3B00FCDF50 /* SceneDelegate.swift */,
			);
			path = App;
			sourceTree = "<group>";
		};
		210585122D7D56B500951D14 /* Presentation */ = {
			isa = PBXGroup;
			children = (
				2105851A2D7D57D100951D14 /* ViewModels */,
				210585192D7D57CB00951D14 /* Views */,
			);
			path = Presentation;
			sourceTree = "<group>";
		};
		210585132D7D56E900951D14 /* Entities */ = {
			isa = PBXGroup;
			children = (
				210585152D7D56FD00951D14 /* Menu.swift */,
			);
			path = Entities;
			sourceTree = "<group>";
		};
		210585142D7D56F200951D14 /* UseCases */ = {
			isa = PBXGroup;
			children = (
				2105851D2D7D581700951D14 /* MenuUseCase.swift */,
			);
			path = UseCases;
			sourceTree = "<group>";
		};
		210585172D7D57A800951D14 /* Repositories */ = {
			isa = PBXGroup;
			children = (
				2105851B2D7D57F200951D14 /* MenuRepository.swift */,
			);
			path = Repositories;
			sourceTree = "<group>";
		};
		210585182D7D57B600951D14 /* Network */ = {
			isa = PBXGroup;
			children = (
				2105851F2D7D586400951D14 /* NetworkService.swift */,
			);
			path = Network;
			sourceTree = "<group>";
		};
		210585192D7D57CB00951D14 /* Views */ = {
			isa = PBXGroup;
			children = (
				213581C82D7D6F4700FCDF50 /* MenuHomepageVC.swift */,
				210584EE2D78538900951D14 /* MenuBookmarkVC.swift */,
				213581C72D7D6F4700FCDF50 /* MenuDetailVC.swift */,
			);
			path = Views;
			sourceTree = "<group>";
		};
		2105851A2D7D57D100951D14 /* ViewModels */ = {
			isa = PBXGroup;
			children = (
				210585212D7D589C00951D14 /* MenuViewModel.swift */,
			);
			path = ViewModels;
			sourceTree = "<group>";
		};
		2159F5112D008FBA006DEAA7 = {
			isa = PBXGroup;
			children = (
				2159F5552D0091E8006DEAA7 /* MealMe */,
				2159F5622D0091EF006DEAA7 /* MealMeTests */,
				2159F51B2D008FBA006DEAA7 /* Products */,
			);
			sourceTree = "<group>";
		};
		2159F51B2D008FBA006DEAA7 /* Products */ = {
			isa = PBXGroup;
			children = (
				2159F51A2D008FBA006DEAA7 /* MealMe.app */,
				2159F5302D008FBC006DEAA7 /* MealMeTests.xctest */,
				2159F53A2D008FBC006DEAA7 /* MealMeUITests.xctest */,
			);
			name = Products;
			sourceTree = "<group>";
		};
		2159F5552D0091E8006DEAA7 /* MealMe */ = {
			isa = PBXGroup;
			children = (
				210585122D7D56B500951D14 /* Presentation */,
				210585112D7D56A700951D14 /* App */,
				210585102D7D56A100951D14 /* Data */,
				2105850F2D7D569E00951D14 /* Domain */,
				210584ED2D77D29100951D14 /* Models */,
				2159F54F2D0091E8006DEAA7 /* Assets.xcassets */,
				2159F5502D0091E8006DEAA7 /* Info.plist */,
				2159F5522D0091E8006DEAA7 /* LaunchScreen.storyboard */,
				219F4D9D2D6ECC30003DADB6 /* SavedMenus.xcdatamodeld */,
			);
			path = MealMe;
			sourceTree = "<group>";
		};
		2159F5622D0091EF006DEAA7 /* MealMeTests */ = {
			isa = PBXGroup;
			children = (
				2159F5612D0091EF006DEAA7 /* NetworkTests.swift */,
				2105850C2D7D3E6600951D14 /* ModelTests.swift */,
			);
			path = MealMeTests;
			sourceTree = "<group>";
		};
/* End PBXGroup section */

/* Begin PBXNativeTarget section */
		2159F5192D008FBA006DEAA7 /* MealMe */ = {
			isa = PBXNativeTarget;
			buildConfigurationList = 2159F5432D008FBC006DEAA7 /* Build configuration list for PBXNativeTarget "MealMe" */;
			buildPhases = (
				2159F5162D008FBA006DEAA7 /* Sources */,
				2159F5172D008FBA006DEAA7 /* Frameworks */,
				2159F5182D008FBA006DEAA7 /* Resources */,
				2159F56E2D014610006DEAA7 /* ShellScript */,
			);
			buildRules = (
			);
			dependencies = (
			);
			name = MealMe;
			packageProductDependencies = (
			);
			productName = UIKit_MealMenu;
			productReference = 2159F51A2D008FBA006DEAA7 /* MealMe.app */;
			productType = "com.apple.product-type.application";
		};
		2159F52F2D008FBC006DEAA7 /* MealMeTests */ = {
			isa = PBXNativeTarget;
			buildConfigurationList = 2159F5482D008FBC006DEAA7 /* Build configuration list for PBXNativeTarget "MealMeTests" */;
			buildPhases = (
				2159F52C2D008FBC006DEAA7 /* Sources */,
				2159F52D2D008FBC006DEAA7 /* Frameworks */,
				2159F52E2D008FBC006DEAA7 /* Resources */,
			);
			buildRules = (
			);
			dependencies = (
				2159F5322D008FBC006DEAA7 /* PBXTargetDependency */,
			);
			name = MealMeTests;
			packageProductDependencies = (
			);
			productName = UIKit_MealMenuTests;
			productReference = 2159F5302D008FBC006DEAA7 /* MealMeTests.xctest */;
			productType = "com.apple.product-type.bundle.unit-test";
		};
		2159F5392D008FBC006DEAA7 /* MealMeUITests */ = {
			isa = PBXNativeTarget;
			buildConfigurationList = 2159F54B2D008FBC006DEAA7 /* Build configuration list for PBXNativeTarget "MealMeUITests" */;
			buildPhases = (
				2159F5362D008FBC006DEAA7 /* Sources */,
				2159F5372D008FBC006DEAA7 /* Frameworks */,
				2159F5382D008FBC006DEAA7 /* Resources */,
			);
			buildRules = (
			);
			dependencies = (
				2159F53C2D008FBC006DEAA7 /* PBXTargetDependency */,
			);
			name = MealMeUITests;
			packageProductDependencies = (
			);
			productName = UIKit_MealMenuUITests;
			productReference = 2159F53A2D008FBC006DEAA7 /* MealMeUITests.xctest */;
			productType = "com.apple.product-type.bundle.ui-testing";
		};
/* End PBXNativeTarget section */

/* Begin PBXProject section */
		2159F5122D008FBA006DEAA7 /* Project object */ = {
			isa = PBXProject;
			attributes = {
				BuildIndependentTargetsInParallel = 1;
				LastSwiftUpdateCheck = 1610;
				LastUpgradeCheck = 1610;
				TargetAttributes = {
					2159F5192D008FBA006DEAA7 = {
						CreatedOnToolsVersion = 16.1;
					};
					2159F52F2D008FBC006DEAA7 = {
						CreatedOnToolsVersion = 16.1;
						TestTargetID = 2159F5192D008FBA006DEAA7;
					};
					2159F5392D008FBC006DEAA7 = {
						CreatedOnToolsVersion = 16.1;
						TestTargetID = 2159F5192D008FBA006DEAA7;
					};
				};
			};
			buildConfigurationList = 2159F5152D008FBA006DEAA7 /* Build configuration list for PBXProject "MealMe" */;
			developmentRegion = en;
			hasScannedForEncodings = 0;
			knownRegions = (
				en,
				Base,
			);
			mainGroup = 2159F5112D008FBA006DEAA7;
			minimizedProjectReferenceProxies = 1;
			preferredProjectObjectVersion = 77;
			productRefGroup = 2159F51B2D008FBA006DEAA7 /* Products */;
			projectDirPath = "";
			projectRoot = "";
			targets = (
				2159F5192D008FBA006DEAA7 /* MealMe */,
				2159F52F2D008FBC006DEAA7 /* MealMeTests */,
				2159F5392D008FBC006DEAA7 /* MealMeUITests */,
			);
		};
/* End PBXProject section */

/* Begin PBXResourcesBuildPhase section */
		2159F5182D008FBA006DEAA7 /* Resources */ = {
			isa = PBXResourcesBuildPhase;
			buildActionMask = 2147483647;
			files = (
				2159F5592D0091E8006DEAA7 /* Assets.xcassets in Resources */,
				2159F55B2D0091E8006DEAA7 /* LaunchScreen.storyboard in Resources */,
			);
			runOnlyForDeploymentPostprocessing = 0;
		};
		2159F52E2D008FBC006DEAA7 /* Resources */ = {
			isa = PBXResourcesBuildPhase;
			buildActionMask = 2147483647;
			files = (
			);
			runOnlyForDeploymentPostprocessing = 0;
		};
		2159F5382D008FBC006DEAA7 /* Resources */ = {
			isa = PBXResourcesBuildPhase;
			buildActionMask = 2147483647;
			files = (
			);
			runOnlyForDeploymentPostprocessing = 0;
		};
/* End PBXResourcesBuildPhase section */

/* Begin PBXShellScriptBuildPhase section */
		2159F56E2D014610006DEAA7 /* ShellScript */ = {
			isa = PBXShellScriptBuildPhase;
			alwaysOutOfDate = 1;
			buildActionMask = 2147483647;
			files = (
			);
			inputFileListPaths = (
			);
			inputPaths = (
			);
			outputFileListPaths = (
			);
			outputPaths = (
			);
			runOnlyForDeploymentPostprocessing = 0;
			shellPath = /bin/sh;
			shellScript = "if which swiftlint >/dev/null; then\n  swiftlint\nelse\n  echo \"warning: SwiftLint not installed, download from https://github.com/realm/SwiftLint\"\nfi\n";
		};
/* End PBXShellScriptBuildPhase section */

/* Begin PBXSourcesBuildPhase section */
		2159F5162D008FBA006DEAA7 /* Sources */ = {
			isa = PBXSourcesBuildPhase;
			buildActionMask = 2147483647;
			files = (
				213581C62D7D6F3B00FCDF50 /* SceneDelegate.swift in Sources */,
				210584EF2D78539C00951D14 /* MenuBookmarkVC.swift in Sources */,
				2105851E2D7D581C00951D14 /* MenuUseCase.swift in Sources */,
				210585222D7D589F00951D14 /* MenuViewModel.swift in Sources */,
				213581CF2D8029D000FCDF50 /* SavedMenu+CoreDataClass.swift in Sources */,
				213581D02D8029D000FCDF50 /* SavedMenu+CoreDataProperties.swift in Sources */,
				2159F5562D0091E8006DEAA7 /* AppDelegate.swift in Sources */,
				2105851C2D7D57F600951D14 /* MenuRepository.swift in Sources */,
				213581C92D7D6F4700FCDF50 /* MenuDetailVC.swift in Sources */,
				213581CA2D7D6F4700FCDF50 /* MenuHomepageVC.swift in Sources */,
				210585202D7D586900951D14 /* NetworkService.swift in Sources */,
				210585162D7D56FE00951D14 /* Menu.swift in Sources */,
				219F4D9F2D6ECC30003DADB6 /* SavedMenus.xcdatamodeld in Sources */,
			);
			runOnlyForDeploymentPostprocessing = 0;
		};
		2159F52C2D008FBC006DEAA7 /* Sources */ = {
			isa = PBXSourcesBuildPhase;
			buildActionMask = 2147483647;
			files = (
				2159F5632D0091EF006DEAA7 /* NetworkTests.swift in Sources */,
				2105850D2D7D3E6600951D14 /* ModelTests.swift in Sources */,
			);
			runOnlyForDeploymentPostprocessing = 0;
		};
		2159F5362D008FBC006DEAA7 /* Sources */ = {
			isa = PBXSourcesBuildPhase;
			buildActionMask = 2147483647;
			files = (
			);
			runOnlyForDeploymentPostprocessing = 0;
		};
/* End PBXSourcesBuildPhase section */

/* Begin PBXTargetDependency section */
		2159F5322D008FBC006DEAA7 /* PBXTargetDependency */ = {
			isa = PBXTargetDependency;
			target = 2159F5192D008FBA006DEAA7 /* MealMe */;
			targetProxy = 2159F5312D008FBC006DEAA7 /* PBXContainerItemProxy */;
		};
		2159F53C2D008FBC006DEAA7 /* PBXTargetDependency */ = {
			isa = PBXTargetDependency;
			target = 2159F5192D008FBA006DEAA7 /* MealMe */;
			targetProxy = 2159F53B2D008FBC006DEAA7 /* PBXContainerItemProxy */;
		};
/* End PBXTargetDependency section */

/* Begin PBXVariantGroup section */
		2159F5522D0091E8006DEAA7 /* LaunchScreen.storyboard */ = {
			isa = PBXVariantGroup;
			children = (
				2159F5512D0091E8006DEAA7 /* Base */,
			);
			name = LaunchScreen.storyboard;
			sourceTree = "<group>";
		};
/* End PBXVariantGroup section */

/* Begin XCBuildConfiguration section */
		2159F5442D008FBC006DEAA7 /* Debug */ = {
			isa = XCBuildConfiguration;
			buildSettings = {
				ASSETCATALOG_COMPILER_APPICON_NAME = AppIcon;
				ASSETCATALOG_COMPILER_GLOBAL_ACCENT_COLOR_NAME = AccentColor;
				CODE_SIGN_STYLE = Automatic;
				CURRENT_PROJECT_VERSION = 1;
				DEVELOPMENT_TEAM = H3779UJ6B2;
				ENABLE_USER_SCRIPT_SANDBOXING = NO;
				GENERATE_INFOPLIST_FILE = YES;
				INFOPLIST_FILE = UIKit_MealMenu/Info.plist;
				INFOPLIST_KEY_UIApplicationSupportsIndirectInputEvents = YES;
				INFOPLIST_KEY_UILaunchStoryboardName = LaunchScreen;
				INFOPLIST_KEY_UISupportedInterfaceOrientations_iPad = "UIInterfaceOrientationPortrait UIInterfaceOrientationPortraitUpsideDown UIInterfaceOrientationLandscapeLeft UIInterfaceOrientationLandscapeRight";
				INFOPLIST_KEY_UISupportedInterfaceOrientations_iPhone = "UIInterfaceOrientationPortrait UIInterfaceOrientationLandscapeLeft UIInterfaceOrientationLandscapeRight";
				LD_RUNPATH_SEARCH_PATHS = (
					"$(inherited)",
					"@executable_path/Frameworks",
				);
				MARKETING_VERSION = 1.0;
				PRODUCT_BUNDLE_IDENTIFIER = "com.balya.UIKit-MealMenu";
				PRODUCT_NAME = "$(TARGET_NAME)";
				SWIFT_EMIT_LOC_STRINGS = YES;
				SWIFT_VERSION = 5.0;
				TARGETED_DEVICE_FAMILY = "1,2";
			};
			name = Debug;
		};
		2159F5452D008FBC006DEAA7 /* Release */ = {
			isa = XCBuildConfiguration;
			buildSettings = {
				ASSETCATALOG_COMPILER_APPICON_NAME = AppIcon;
				ASSETCATALOG_COMPILER_GLOBAL_ACCENT_COLOR_NAME = AccentColor;
				CODE_SIGN_STYLE = Automatic;
				CURRENT_PROJECT_VERSION = 1;
				DEVELOPMENT_TEAM = H3779UJ6B2;
				ENABLE_USER_SCRIPT_SANDBOXING = NO;
				GENERATE_INFOPLIST_FILE = YES;
				INFOPLIST_FILE = UIKit_MealMenu/Info.plist;
				INFOPLIST_KEY_UIApplicationSupportsIndirectInputEvents = YES;
				INFOPLIST_KEY_UILaunchStoryboardName = LaunchScreen;
				INFOPLIST_KEY_UISupportedInterfaceOrientations_iPad = "UIInterfaceOrientationPortrait UIInterfaceOrientationPortraitUpsideDown UIInterfaceOrientationLandscapeLeft UIInterfaceOrientationLandscapeRight";
				INFOPLIST_KEY_UISupportedInterfaceOrientations_iPhone = "UIInterfaceOrientationPortrait UIInterfaceOrientationLandscapeLeft UIInterfaceOrientationLandscapeRight";
				LD_RUNPATH_SEARCH_PATHS = (
					"$(inherited)",
					"@executable_path/Frameworks",
				);
				MARKETING_VERSION = 1.0;
				PRODUCT_BUNDLE_IDENTIFIER = "com.balya.UIKit-MealMenu";
				PRODUCT_NAME = "$(TARGET_NAME)";
				SWIFT_EMIT_LOC_STRINGS = YES;
				SWIFT_VERSION = 5.0;
				TARGETED_DEVICE_FAMILY = "1,2";
			};
			name = Release;
		};
		2159F5462D008FBC006DEAA7 /* Debug */ = {
			isa = XCBuildConfiguration;
			buildSettings = {
				ALWAYS_SEARCH_USER_PATHS = NO;
				ASSETCATALOG_COMPILER_GENERATE_SWIFT_ASSET_SYMBOL_EXTENSIONS = YES;
				CLANG_ANALYZER_NONNULL = YES;
				CLANG_ANALYZER_NUMBER_OBJECT_CONVERSION = YES_AGGRESSIVE;
				CLANG_CXX_LANGUAGE_STANDARD = "gnu++20";
				CLANG_ENABLE_MODULES = YES;
				CLANG_ENABLE_OBJC_ARC = YES;
				CLANG_ENABLE_OBJC_WEAK = YES;
				CLANG_WARN_BLOCK_CAPTURE_AUTORELEASING = YES;
				CLANG_WARN_BOOL_CONVERSION = YES;
				CLANG_WARN_COMMA = YES;
				CLANG_WARN_CONSTANT_CONVERSION = YES;
				CLANG_WARN_DEPRECATED_OBJC_IMPLEMENTATIONS = YES;
				CLANG_WARN_DIRECT_OBJC_ISA_USAGE = YES_ERROR;
				CLANG_WARN_DOCUMENTATION_COMMENTS = YES;
				CLANG_WARN_EMPTY_BODY = YES;
				CLANG_WARN_ENUM_CONVERSION = YES;
				CLANG_WARN_INFINITE_RECURSION = YES;
				CLANG_WARN_INT_CONVERSION = YES;
				CLANG_WARN_NON_LITERAL_NULL_CONVERSION = YES;
				CLANG_WARN_OBJC_IMPLICIT_RETAIN_SELF = YES;
				CLANG_WARN_OBJC_LITERAL_CONVERSION = YES;
				CLANG_WARN_OBJC_ROOT_CLASS = YES_ERROR;
				CLANG_WARN_QUOTED_INCLUDE_IN_FRAMEWORK_HEADER = YES;
				CLANG_WARN_RANGE_LOOP_ANALYSIS = YES;
				CLANG_WARN_STRICT_PROTOTYPES = YES;
				CLANG_WARN_SUSPICIOUS_MOVE = YES;
				CLANG_WARN_UNGUARDED_AVAILABILITY = YES_AGGRESSIVE;
				CLANG_WARN_UNREACHABLE_CODE = YES;
				CLANG_WARN__DUPLICATE_METHOD_MATCH = YES;
				COPY_PHASE_STRIP = NO;
				DEBUG_INFORMATION_FORMAT = dwarf;
				ENABLE_STRICT_OBJC_MSGSEND = YES;
				ENABLE_TESTABILITY = YES;
				ENABLE_USER_SCRIPT_SANDBOXING = YES;
				GCC_C_LANGUAGE_STANDARD = gnu17;
				GCC_DYNAMIC_NO_PIC = NO;
				GCC_NO_COMMON_BLOCKS = YES;
				GCC_OPTIMIZATION_LEVEL = 0;
				GCC_PREPROCESSOR_DEFINITIONS = (
					"DEBUG=1",
					"$(inherited)",
				);
				GCC_WARN_64_TO_32_BIT_CONVERSION = YES;
				GCC_WARN_ABOUT_RETURN_TYPE = YES_ERROR;
				GCC_WARN_UNDECLARED_SELECTOR = YES;
				GCC_WARN_UNINITIALIZED_AUTOS = YES_AGGRESSIVE;
				GCC_WARN_UNUSED_FUNCTION = YES;
				GCC_WARN_UNUSED_VARIABLE = YES;
				IPHONEOS_DEPLOYMENT_TARGET = 18.1;
				LOCALIZATION_PREFERS_STRING_CATALOGS = YES;
				MTL_ENABLE_DEBUG_INFO = INCLUDE_SOURCE;
				MTL_FAST_MATH = YES;
				ONLY_ACTIVE_ARCH = YES;
				SDKROOT = iphoneos;
				SWIFT_ACTIVE_COMPILATION_CONDITIONS = "DEBUG $(inherited)";
				SWIFT_OPTIMIZATION_LEVEL = "-Onone";
			};
			name = Debug;
		};
		2159F5472D008FBC006DEAA7 /* Release */ = {
			isa = XCBuildConfiguration;
			buildSettings = {
				ALWAYS_SEARCH_USER_PATHS = NO;
				ASSETCATALOG_COMPILER_GENERATE_SWIFT_ASSET_SYMBOL_EXTENSIONS = YES;
				CLANG_ANALYZER_NONNULL = YES;
				CLANG_ANALYZER_NUMBER_OBJECT_CONVERSION = YES_AGGRESSIVE;
				CLANG_CXX_LANGUAGE_STANDARD = "gnu++20";
				CLANG_ENABLE_MODULES = YES;
				CLANG_ENABLE_OBJC_ARC = YES;
				CLANG_ENABLE_OBJC_WEAK = YES;
				CLANG_WARN_BLOCK_CAPTURE_AUTORELEASING = YES;
				CLANG_WARN_BOOL_CONVERSION = YES;
				CLANG_WARN_COMMA = YES;
				CLANG_WARN_CONSTANT_CONVERSION = YES;
				CLANG_WARN_DEPRECATED_OBJC_IMPLEMENTATIONS = YES;
				CLANG_WARN_DIRECT_OBJC_ISA_USAGE = YES_ERROR;
				CLANG_WARN_DOCUMENTATION_COMMENTS = YES;
				CLANG_WARN_EMPTY_BODY = YES;
				CLANG_WARN_ENUM_CONVERSION = YES;
				CLANG_WARN_INFINITE_RECURSION = YES;
				CLANG_WARN_INT_CONVERSION = YES;
				CLANG_WARN_NON_LITERAL_NULL_CONVERSION = YES;
				CLANG_WARN_OBJC_IMPLICIT_RETAIN_SELF = YES;
				CLANG_WARN_OBJC_LITERAL_CONVERSION = YES;
				CLANG_WARN_OBJC_ROOT_CLASS = YES_ERROR;
				CLANG_WARN_QUOTED_INCLUDE_IN_FRAMEWORK_HEADER = YES;
				CLANG_WARN_RANGE_LOOP_ANALYSIS = YES;
				CLANG_WARN_STRICT_PROTOTYPES = YES;
				CLANG_WARN_SUSPICIOUS_MOVE = YES;
				CLANG_WARN_UNGUARDED_AVAILABILITY = YES_AGGRESSIVE;
				CLANG_WARN_UNREACHABLE_CODE = YES;
				CLANG_WARN__DUPLICATE_METHOD_MATCH = YES;
				COPY_PHASE_STRIP = NO;
				DEBUG_INFORMATION_FORMAT = "dwarf-with-dsym";
				ENABLE_NS_ASSERTIONS = NO;
				ENABLE_STRICT_OBJC_MSGSEND = YES;
				ENABLE_USER_SCRIPT_SANDBOXING = YES;
				GCC_C_LANGUAGE_STANDARD = gnu17;
				GCC_NO_COMMON_BLOCKS = YES;
				GCC_WARN_64_TO_32_BIT_CONVERSION = YES;
				GCC_WARN_ABOUT_RETURN_TYPE = YES_ERROR;
				GCC_WARN_UNDECLARED_SELECTOR = YES;
				GCC_WARN_UNINITIALIZED_AUTOS = YES_AGGRESSIVE;
				GCC_WARN_UNUSED_FUNCTION = YES;
				GCC_WARN_UNUSED_VARIABLE = YES;
				IPHONEOS_DEPLOYMENT_TARGET = 18.1;
				LOCALIZATION_PREFERS_STRING_CATALOGS = YES;
				MTL_ENABLE_DEBUG_INFO = NO;
				MTL_FAST_MATH = YES;
				SDKROOT = iphoneos;
				SWIFT_COMPILATION_MODE = wholemodule;
				VALIDATE_PRODUCT = YES;
			};
			name = Release;
		};
		2159F5492D008FBC006DEAA7 /* Debug */ = {
			isa = XCBuildConfiguration;
			buildSettings = {
				BUNDLE_LOADER = "$(TEST_HOST)";
				CODE_SIGN_STYLE = Automatic;
				CURRENT_PROJECT_VERSION = 1;
				DEVELOPMENT_TEAM = H3779UJ6B2;
				GENERATE_INFOPLIST_FILE = YES;
				IPHONEOS_DEPLOYMENT_TARGET = 18.1;
				MARKETING_VERSION = 1.0;
				PRODUCT_BUNDLE_IDENTIFIER = "com.balya.UIKit-MealMenuTests";
				PRODUCT_NAME = "$(TARGET_NAME)";
				SWIFT_EMIT_LOC_STRINGS = NO;
				SWIFT_VERSION = 5.0;
				TARGETED_DEVICE_FAMILY = "1,2";
				TEST_HOST = "$(BUILT_PRODUCTS_DIR)/MealMe.app/$(BUNDLE_EXECUTABLE_FOLDER_PATH)/MealMe";
			};
			name = Debug;
		};
		2159F54A2D008FBC006DEAA7 /* Release */ = {
			isa = XCBuildConfiguration;
			buildSettings = {
				BUNDLE_LOADER = "$(TEST_HOST)";
				CODE_SIGN_STYLE = Automatic;
				CURRENT_PROJECT_VERSION = 1;
				DEVELOPMENT_TEAM = H3779UJ6B2;
				GENERATE_INFOPLIST_FILE = YES;
				IPHONEOS_DEPLOYMENT_TARGET = 18.1;
				MARKETING_VERSION = 1.0;
				PRODUCT_BUNDLE_IDENTIFIER = "com.balya.UIKit-MealMenuTests";
				PRODUCT_NAME = "$(TARGET_NAME)";
				SWIFT_EMIT_LOC_STRINGS = NO;
				SWIFT_VERSION = 5.0;
				TARGETED_DEVICE_FAMILY = "1,2";
				TEST_HOST = "$(BUILT_PRODUCTS_DIR)/MealMe.app/$(BUNDLE_EXECUTABLE_FOLDER_PATH)/MealMe";
			};
			name = Release;
		};
		2159F54C2D008FBC006DEAA7 /* Debug */ = {
			isa = XCBuildConfiguration;
			buildSettings = {
				CODE_SIGN_STYLE = Automatic;
				CURRENT_PROJECT_VERSION = 1;
				DEVELOPMENT_TEAM = H3779UJ6B2;
				GENERATE_INFOPLIST_FILE = YES;
				MARKETING_VERSION = 1.0;
				PRODUCT_BUNDLE_IDENTIFIER = "com.balya.UIKit-MealMenuUITests";
				PRODUCT_NAME = "$(TARGET_NAME)";
				SWIFT_EMIT_LOC_STRINGS = NO;
				SWIFT_VERSION = 5.0;
				TARGETED_DEVICE_FAMILY = "1,2";
				TEST_TARGET_NAME = UIKit_MealMenu;
			};
			name = Debug;
		};
		2159F54D2D008FBC006DEAA7 /* Release */ = {
			isa = XCBuildConfiguration;
			buildSettings = {
				CODE_SIGN_STYLE = Automatic;
				CURRENT_PROJECT_VERSION = 1;
				DEVELOPMENT_TEAM = H3779UJ6B2;
				GENERATE_INFOPLIST_FILE = YES;
				MARKETING_VERSION = 1.0;
				PRODUCT_BUNDLE_IDENTIFIER = "com.balya.UIKit-MealMenuUITests";
				PRODUCT_NAME = "$(TARGET_NAME)";
				SWIFT_EMIT_LOC_STRINGS = NO;
				SWIFT_VERSION = 5.0;
				TARGETED_DEVICE_FAMILY = "1,2";
				TEST_TARGET_NAME = UIKit_MealMenu;
			};
			name = Release;
		};
/* End XCBuildConfiguration section */

/* Begin XCConfigurationList section */
		2159F5152D008FBA006DEAA7 /* Build configuration list for PBXProject "MealMe" */ = {
			isa = XCConfigurationList;
			buildConfigurations = (
				2159F5462D008FBC006DEAA7 /* Debug */,
				2159F5472D008FBC006DEAA7 /* Release */,
			);
			defaultConfigurationIsVisible = 0;
			defaultConfigurationName = Release;
		};
		2159F5432D008FBC006DEAA7 /* Build configuration list for PBXNativeTarget "MealMe" */ = {
			isa = XCConfigurationList;
			buildConfigurations = (
				2159F5442D008FBC006DEAA7 /* Debug */,
				2159F5452D008FBC006DEAA7 /* Release */,
			);
			defaultConfigurationIsVisible = 0;
			defaultConfigurationName = Release;
		};
		2159F5482D008FBC006DEAA7 /* Build configuration list for PBXNativeTarget "MealMeTests" */ = {
			isa = XCConfigurationList;
			buildConfigurations = (
				2159F5492D008FBC006DEAA7 /* Debug */,
				2159F54A2D008FBC006DEAA7 /* Release */,
			);
			defaultConfigurationIsVisible = 0;
			defaultConfigurationName = Release;
		};
		2159F54B2D008FBC006DEAA7 /* Build configuration list for PBXNativeTarget "MealMeUITests" */ = {
			isa = XCConfigurationList;
			buildConfigurations = (
				2159F54C2D008FBC006DEAA7 /* Debug */,
				2159F54D2D008FBC006DEAA7 /* Release */,
			);
			defaultConfigurationIsVisible = 0;
			defaultConfigurationName = Release;
		};
/* End XCConfigurationList section */

/* Begin XCVersionGroup section */
		219F4D9D2D6ECC30003DADB6 /* SavedMenus.xcdatamodeld */ = {
			isa = XCVersionGroup;
			children = (
				219F4D9E2D6ECC30003DADB6 /* SavedMenus.xcdatamodel */,
			);
			currentVersion = 219F4D9E2D6ECC30003DADB6 /* SavedMenus.xcdatamodel */;
			path = SavedMenus.xcdatamodeld;
			sourceTree = "<group>";
			versionGroupType = wrapper.xcdatamodel;
		};
/* End XCVersionGroup section */
	};
	rootObject = 2159F5122D008FBA006DEAA7 /* Project object */;
}
